
Microsoft Visual Studio Solution File, Format Version 12.00
# Visual Studio 2013
VisualStudioVersion = 12.0.21005.1
MinimumVisualStudioVersion = 10.0.40219.1
Project("{FAE04EC0-301F-11D3-BF4B-00C04F79EFBC}") = "01SimpleGeneric", "SimpleGeneric\01SimpleGeneric.csproj", "{2FE253BE-1643-4A82-B1AB-D4CF4A6657C0}"
EndProject
Project("{FAE04EC0-301F-11D3-BF4B-00C04F79EFBC}") = "02GenericMethod", "GenericMethod\02GenericMethod.csproj", "{AF600FF5-B63C-48FB-AC18-C702C26A200F}"
EndProject
Project("{FAE04EC0-301F-11D3-BF4B-00C04F79EFBC}") = "03GenericMethod2", "GenericMethod2\03GenericMethod2.csproj", "{9B574D2A-C4E2-4CA2-9F94-8CCF9DC5FB8C}"
EndProject
Project("{FAE04EC0-301F-11D3-BF4B-00C04F79EFBC}") = "04ImplementGeneric", "ImplementGeneric\04ImplementGeneric.csproj", "{4EE85B48-67F3-499E-9A74-A8ED061EE742}"
EndProject
Project("{FAE04EC0-301F-11D3-BF4B-00C04F79EFBC}") = "05FullExample", "FullExample\05FullExample.csproj", "{221F51BE-B10E-427C-9AD9-D239DC275F24}"
EndProject
Project("{FAE04EC0-301F-11D3-BF4B-00C04F79EFBC}") = "06StaticFieldOfGeneric", "06StaticFieldOfGeneric\06StaticFieldOfGeneric.csproj", "{14775035-6270-4126-8872-B45B2E8715F1}"
EndProject
Project("{FAE04EC0-301F-11D3-BF4B-00C04F79EFBC}") = "07StaticConstructorOfGeneric", "07StaticConstructorOfGeneric\07StaticConstructorOfGeneric.csproj", "{38DC9141-41B7-4B2D-95E0-B19A612FF6AB}"
EndProject
Project("{FAE04EC0-301F-11D3-BF4B-00C04F79EFBC}") = "08Enumerable", "08Enumerable\08Enumerable.csproj", "{B8FDCECA-A2A6-47A0-8748-90F67AC0DEBA}"
EndProject
Project("{FAE04EC0-301F-11D3-BF4B-00C04F79EFBC}") = "09ReflectOfGeneric", "09ReflectOfGeneric\09ReflectOfGeneric.csproj", "{660ADC3C-83EE-45F0-A50B-57E5716A4B32}"
EndProject
Project("{FAE04EC0-301F-11D3-BF4B-00C04F79EFBC}") = "10GetTypeOfGeneric", "10GetTypeOfGeneric\10GetTypeOfGeneric.csproj", "{902F2191-744E-497D-8B42-3413A23687F1}"
EndProject
Global
	GlobalSection(SolutionConfigurationPlatforms) = preSolution
		Debug|Any CPU = Debug|Any CPU
		Release|Any CPU = Release|Any CPU
	EndGlobalSection
	GlobalSection(ProjectConfigurationPlatforms) = postSolution
		{2FE253BE-1643-4A82-B1AB-D4CF4A6657C0}.Debug|Any CPU.ActiveCfg = Debug|Any CPU
		{2FE253BE-1643-4A82-B1AB-D4CF4A6657C0}.Debug|Any CPU.Build.0 = Debug|Any CPU
		{2FE253BE-1643-4A82-B1AB-D4CF4A6657C0}.Release|Any CPU.ActiveCfg = Release|Any CPU
		{2FE253BE-1643-4A82-B1AB-D4CF4A6657C0}.Release|Any CPU.Build.0 = Release|Any CPU
		{AF600FF5-B63C-48FB-AC18-C702C26A200F}.Debug|Any CPU.ActiveCfg = Debug|Any CPU
		{AF600FF5-B63C-48FB-AC18-C702C26A200F}.Debug|Any CPU.Build.0 = Debug|Any CPU
		{AF600FF5-B63C-48FB-AC18-C702C26A200F}.Release|Any CPU.ActiveCfg = Release|Any CPU
		{AF600FF5-B63C-48FB-AC18-C702C26A200F}.Release|Any CPU.Build.0 = Release|Any CPU
		{9B574D2A-C4E2-4CA2-9F94-8CCF9DC5FB8C}.Debug|Any CPU.ActiveCfg = Debug|Any CPU
		{9B574D2A-C4E2-4CA2-9F94-8CCF9DC5FB8C}.Debug|Any CPU.Build.0 = Debug|Any CPU
		{9B574D2A-C4E2-4CA2-9F94-8CCF9DC5FB8C}.Release|Any CPU.ActiveCfg = Release|Any CPU
		{9B574D2A-C4E2-4CA2-9F94-8CCF9DC5FB8C}.Release|Any CPU.Build.0 = Release|Any CPU
		{4EE85B48-67F3-499E-9A74-A8ED061EE742}.Debug|Any CPU.ActiveCfg = Debug|Any CPU
		{4EE85B48-67F3-499E-9A74-A8ED061EE742}.Debug|Any CPU.Build.0 = Debug|Any CPU
		{4EE85B48-67F3-499E-9A74-A8ED061EE742}.Release|Any CPU.ActiveCfg = Release|Any CPU
		{4EE85B48-67F3-499E-9A74-A8ED061EE742}.Release|Any CPU.Build.0 = Release|Any CPU
		{221F51BE-B10E-427C-9AD9-D239DC275F24}.Debug|Any CPU.ActiveCfg = Debug|Any CPU
		{221F51BE-B10E-427C-9AD9-D239DC275F24}.Debug|Any CPU.Build.0 = Debug|Any CPU
		{221F51BE-B10E-427C-9AD9-D239DC275F24}.Release|Any CPU.ActiveCfg = Release|Any CPU
		{221F51BE-B10E-427C-9AD9-D239DC275F24}.Release|Any CPU.Build.0 = Release|Any CPU
		{14775035-6270-4126-8872-B45B2E8715F1}.Debug|Any CPU.ActiveCfg = Debug|Any CPU
		{14775035-6270-4126-8872-B45B2E8715F1}.Debug|Any CPU.Build.0 = Debug|Any CPU
		{14775035-6270-4126-8872-B45B2E8715F1}.Release|Any CPU.ActiveCfg = Release|Any CPU
		{14775035-6270-4126-8872-B45B2E8715F1}.Release|Any CPU.Build.0 = Release|Any CPU
		{38DC9141-41B7-4B2D-95E0-B19A612FF6AB}.Debug|Any CPU.ActiveCfg = Debug|Any CPU
		{38DC9141-41B7-4B2D-95E0-B19A612FF6AB}.Debug|Any CPU.Build.0 = Debug|Any CPU
		{38DC9141-41B7-4B2D-95E0-B19A612FF6AB}.Release|Any CPU.ActiveCfg = Release|Any CPU
		{38DC9141-41B7-4B2D-95E0-B19A612FF6AB}.Release|Any CPU.Build.0 = Release|Any CPU
		{B8FDCECA-A2A6-47A0-8748-90F67AC0DEBA}.Debug|Any CPU.ActiveCfg = Debug|Any CPU
		{B8FDCECA-A2A6-47A0-8748-90F67AC0DEBA}.Debug|Any CPU.Build.0 = Debug|Any CPU
		{B8FDCECA-A2A6-47A0-8748-90F67AC0DEBA}.Release|Any CPU.ActiveCfg = Release|Any CPU
		{B8FDCECA-A2A6-47A0-8748-90F67AC0DEBA}.Release|Any CPU.Build.0 = Release|Any CPU
		{660ADC3C-83EE-45F0-A50B-57E5716A4B32}.Debug|Any CPU.ActiveCfg = Debug|Any CPU
		{660ADC3C-83EE-45F0-A50B-57E5716A4B32}.Debug|Any CPU.Build.0 = Debug|Any CPU
		{660ADC3C-83EE-45F0-A50B-57E5716A4B32}.Release|Any CPU.ActiveCfg = Release|Any CPU
		{660ADC3C-83EE-45F0-A50B-57E5716A4B32}.Release|Any CPU.Build.0 = Release|Any CPU
		{902F2191-744E-497D-8B42-3413A23687F1}.Debug|Any CPU.ActiveCfg = Debug|Any CPU
		{902F2191-744E-497D-8B42-3413A23687F1}.Debug|Any CPU.Build.0 = Debug|Any CPU
		{902F2191-744E-497D-8B42-3413A23687F1}.Release|Any CPU.ActiveCfg = Release|Any CPU
		{902F2191-744E-497D-8B42-3413A23687F1}.Release|Any CPU.Build.0 = Release|Any CPU
	EndGlobalSection
	GlobalSection(SolutionProperties) = preSolution
		HideSolutionNode = FALSE
	EndGlobalSection
EndGlobal
