
Microsoft Visual Studio Solution File, Format Version 12.00
# Visual Studio 2013
VisualStudioVersion = 12.0.21005.1
MinimumVisualStudioVersion = 10.0.40219.1
Project("{FAE04EC0-301F-11D3-BF4B-00C04F79EFBC}") = "SimpleGeneric", "SimpleGeneric\SimpleGeneric.csproj", "{2FE253BE-1643-4A82-B1AB-D4CF4A6657C0}"
EndProject
Project("{FAE04EC0-301F-11D3-BF4B-00C04F79EFBC}") = "GenericMethod", "GenericMethod\GenericMethod.csproj", "{AF600FF5-B63C-48FB-AC18-C702C26A200F}"
EndProject
Project("{FAE04EC0-301F-11D3-BF4B-00C04F79EFBC}") = "GenericMethod2", "GenericMethod2\GenericMethod2.csproj", "{9B574D2A-C4E2-4CA2-9F94-8CCF9DC5FB8C}"
EndProject
Project("{FAE04EC0-301F-11D3-BF4B-00C04F79EFBC}") = "ImplementGeneric", "ImplementGeneric\ImplementGeneric.csproj", "{4EE85B48-67F3-499E-9A74-A8ED061EE742}"
EndProject
Global
	GlobalSection(SolutionConfigurationPlatforms) = preSolution
		Debug|Any CPU = Debug|Any CPU
		Release|Any CPU = Release|Any CPU
	EndGlobalSection
	GlobalSection(ProjectConfigurationPlatforms) = postSolution
		{2FE253BE-1643-4A82-B1AB-D4CF4A6657C0}.Debug|Any CPU.ActiveCfg = Debug|Any CPU
		{2FE253BE-1643-4A82-B1AB-D4CF4A6657C0}.Debug|Any CPU.Build.0 = Debug|Any CPU
		{2FE253BE-1643-4A82-B1AB-D4CF4A6657C0}.Release|Any CPU.ActiveCfg = Release|Any CPU
		{2FE253BE-1643-4A82-B1AB-D4CF4A6657C0}.Release|Any CPU.Build.0 = Release|Any CPU
		{AF600FF5-B63C-48FB-AC18-C702C26A200F}.Debug|Any CPU.ActiveCfg = Debug|Any CPU
		{AF600FF5-B63C-48FB-AC18-C702C26A200F}.Debug|Any CPU.Build.0 = Debug|Any CPU
		{AF600FF5-B63C-48FB-AC18-C702C26A200F}.Release|Any CPU.ActiveCfg = Release|Any CPU
		{AF600FF5-B63C-48FB-AC18-C702C26A200F}.Release|Any CPU.Build.0 = Release|Any CPU
		{9B574D2A-C4E2-4CA2-9F94-8CCF9DC5FB8C}.Debug|Any CPU.ActiveCfg = Debug|Any CPU
		{9B574D2A-C4E2-4CA2-9F94-8CCF9DC5FB8C}.Debug|Any CPU.Build.0 = Debug|Any CPU
		{9B574D2A-C4E2-4CA2-9F94-8CCF9DC5FB8C}.Release|Any CPU.ActiveCfg = Release|Any CPU
		{9B574D2A-C4E2-4CA2-9F94-8CCF9DC5FB8C}.Release|Any CPU.Build.0 = Release|Any CPU
		{4EE85B48-67F3-499E-9A74-A8ED061EE742}.Debug|Any CPU.ActiveCfg = Debug|Any CPU
		{4EE85B48-67F3-499E-9A74-A8ED061EE742}.Debug|Any CPU.Build.0 = Debug|Any CPU
		{4EE85B48-67F3-499E-9A74-A8ED061EE742}.Release|Any CPU.ActiveCfg = Release|Any CPU
		{4EE85B48-67F3-499E-9A74-A8ED061EE742}.Release|Any CPU.Build.0 = Release|Any CPU
	EndGlobalSection
	GlobalSection(SolutionProperties) = preSolution
		HideSolutionNode = FALSE
	EndGlobalSection
EndGlobal
