
Microsoft Visual Studio Solution File, Format Version 12.00
# Visual Studio 2013
VisualStudioVersion = 12.0.21005.1
MinimumVisualStudioVersion = 10.0.40219.1
Project("{FAE04EC0-301F-11D3-BF4B-00C04F79EFBC}") = "01MoreDelegate", "MoreDelegate\01MoreDelegate.csproj", "{285C81EE-52FA-4CF9-A1EF-33390BE8D854}"
EndProject
Project("{FAE04EC0-301F-11D3-BF4B-00C04F79EFBC}") = "02ContravarianceOfParams", "02ContravarianceOfParams\02ContravarianceOfParams.csproj", "{DFD5463A-6A43-42C1-99C1-69A0EE04274E}"
EndProject
Project("{FAE04EC0-301F-11D3-BF4B-00C04F79EFBC}") = "03ConvarianceOfReturn", "ConvarianceOfReturn\03ConvarianceOfReturn.csproj", "{ACB06B12-A031-4312-9478-7E8785A20795}"
EndProject
Project("{FAE04EC0-301F-11D3-BF4B-00C04F79EFBC}") = "04Action1", "04Action1\04Action1.csproj", "{5D01F35E-3E5D-4024-94C1-B179E1B34D5B}"
EndProject
Project("{FAE04EC0-301F-11D3-BF4B-00C04F79EFBC}") = "05AnonymousSort", "05AnonymousSort\05AnonymousSort.csproj", "{C7E78482-61FA-4F0C-8402-6E5DBC1ABA4F}"
EndProject
Project("{FAE04EC0-301F-11D3-BF4B-00C04F79EFBC}") = "06IgnoreParams", "06IgnoreParams\06IgnoreParams.csproj", "{728E8F24-D220-43D6-8EF3-409C23E1620A}"
EndProject
Project("{FAE04EC0-301F-11D3-BF4B-00C04F79EFBC}") = "07ClosePackage", "07ClosePackage\07ClosePackage.csproj", "{CB53F47F-36E2-4D58-9C3A-8662023399F2}"
EndProject
Global
	GlobalSection(SolutionConfigurationPlatforms) = preSolution
		Debug|Any CPU = Debug|Any CPU
		Release|Any CPU = Release|Any CPU
	EndGlobalSection
	GlobalSection(ProjectConfigurationPlatforms) = postSolution
		{285C81EE-52FA-4CF9-A1EF-33390BE8D854}.Debug|Any CPU.ActiveCfg = Debug|Any CPU
		{285C81EE-52FA-4CF9-A1EF-33390BE8D854}.Debug|Any CPU.Build.0 = Debug|Any CPU
		{285C81EE-52FA-4CF9-A1EF-33390BE8D854}.Release|Any CPU.ActiveCfg = Release|Any CPU
		{285C81EE-52FA-4CF9-A1EF-33390BE8D854}.Release|Any CPU.Build.0 = Release|Any CPU
		{DFD5463A-6A43-42C1-99C1-69A0EE04274E}.Debug|Any CPU.ActiveCfg = Debug|Any CPU
		{DFD5463A-6A43-42C1-99C1-69A0EE04274E}.Debug|Any CPU.Build.0 = Debug|Any CPU
		{DFD5463A-6A43-42C1-99C1-69A0EE04274E}.Release|Any CPU.ActiveCfg = Release|Any CPU
		{DFD5463A-6A43-42C1-99C1-69A0EE04274E}.Release|Any CPU.Build.0 = Release|Any CPU
		{ACB06B12-A031-4312-9478-7E8785A20795}.Debug|Any CPU.ActiveCfg = Debug|Any CPU
		{ACB06B12-A031-4312-9478-7E8785A20795}.Debug|Any CPU.Build.0 = Debug|Any CPU
		{ACB06B12-A031-4312-9478-7E8785A20795}.Release|Any CPU.ActiveCfg = Release|Any CPU
		{ACB06B12-A031-4312-9478-7E8785A20795}.Release|Any CPU.Build.0 = Release|Any CPU
		{5D01F35E-3E5D-4024-94C1-B179E1B34D5B}.Debug|Any CPU.ActiveCfg = Debug|Any CPU
		{5D01F35E-3E5D-4024-94C1-B179E1B34D5B}.Debug|Any CPU.Build.0 = Debug|Any CPU
		{5D01F35E-3E5D-4024-94C1-B179E1B34D5B}.Release|Any CPU.ActiveCfg = Release|Any CPU
		{5D01F35E-3E5D-4024-94C1-B179E1B34D5B}.Release|Any CPU.Build.0 = Release|Any CPU
		{C7E78482-61FA-4F0C-8402-6E5DBC1ABA4F}.Debug|Any CPU.ActiveCfg = Debug|Any CPU
		{C7E78482-61FA-4F0C-8402-6E5DBC1ABA4F}.Debug|Any CPU.Build.0 = Debug|Any CPU
		{C7E78482-61FA-4F0C-8402-6E5DBC1ABA4F}.Release|Any CPU.ActiveCfg = Release|Any CPU
		{C7E78482-61FA-4F0C-8402-6E5DBC1ABA4F}.Release|Any CPU.Build.0 = Release|Any CPU
		{728E8F24-D220-43D6-8EF3-409C23E1620A}.Debug|Any CPU.ActiveCfg = Debug|Any CPU
		{728E8F24-D220-43D6-8EF3-409C23E1620A}.Debug|Any CPU.Build.0 = Debug|Any CPU
		{728E8F24-D220-43D6-8EF3-409C23E1620A}.Release|Any CPU.ActiveCfg = Release|Any CPU
		{728E8F24-D220-43D6-8EF3-409C23E1620A}.Release|Any CPU.Build.0 = Release|Any CPU
		{CB53F47F-36E2-4D58-9C3A-8662023399F2}.Debug|Any CPU.ActiveCfg = Debug|Any CPU
		{CB53F47F-36E2-4D58-9C3A-8662023399F2}.Debug|Any CPU.Build.0 = Debug|Any CPU
		{CB53F47F-36E2-4D58-9C3A-8662023399F2}.Release|Any CPU.ActiveCfg = Release|Any CPU
		{CB53F47F-36E2-4D58-9C3A-8662023399F2}.Release|Any CPU.Build.0 = Release|Any CPU
	EndGlobalSection
	GlobalSection(SolutionProperties) = preSolution
		HideSolutionNode = FALSE
	EndGlobalSection
EndGlobal
