
Microsoft Visual Studio Solution File, Format Version 12.00
# Visual Studio 2013
VisualStudioVersion = 12.0.21005.1
MinimumVisualStudioVersion = 10.0.40219.1
Project("{FAE04EC0-301F-11D3-BF4B-00C04F79EFBC}") = "01MoreDelegate", "MoreDelegate\01MoreDelegate.csproj", "{285C81EE-52FA-4CF9-A1EF-33390BE8D854}"
EndProject
Project("{FAE04EC0-301F-11D3-BF4B-00C04F79EFBC}") = "02ContravarianceOfParams", "02ContravarianceOfParams\02ContravarianceOfParams.csproj", "{DFD5463A-6A43-42C1-99C1-69A0EE04274E}"
EndProject
Project("{FAE04EC0-301F-11D3-BF4B-00C04F79EFBC}") = "03ConvarianceOfReturn", "ConvarianceOfReturn\03ConvarianceOfReturn.csproj", "{ACB06B12-A031-4312-9478-7E8785A20795}"
EndProject
Global
	GlobalSection(SolutionConfigurationPlatforms) = preSolution
		Debug|Any CPU = Debug|Any CPU
		Release|Any CPU = Release|Any CPU
	EndGlobalSection
	GlobalSection(ProjectConfigurationPlatforms) = postSolution
		{285C81EE-52FA-4CF9-A1EF-33390BE8D854}.Debug|Any CPU.ActiveCfg = Debug|Any CPU
		{285C81EE-52FA-4CF9-A1EF-33390BE8D854}.Debug|Any CPU.Build.0 = Debug|Any CPU
		{285C81EE-52FA-4CF9-A1EF-33390BE8D854}.Release|Any CPU.ActiveCfg = Release|Any CPU
		{285C81EE-52FA-4CF9-A1EF-33390BE8D854}.Release|Any CPU.Build.0 = Release|Any CPU
		{DFD5463A-6A43-42C1-99C1-69A0EE04274E}.Debug|Any CPU.ActiveCfg = Debug|Any CPU
		{DFD5463A-6A43-42C1-99C1-69A0EE04274E}.Debug|Any CPU.Build.0 = Debug|Any CPU
		{DFD5463A-6A43-42C1-99C1-69A0EE04274E}.Release|Any CPU.ActiveCfg = Release|Any CPU
		{DFD5463A-6A43-42C1-99C1-69A0EE04274E}.Release|Any CPU.Build.0 = Release|Any CPU
		{ACB06B12-A031-4312-9478-7E8785A20795}.Debug|Any CPU.ActiveCfg = Debug|Any CPU
		{ACB06B12-A031-4312-9478-7E8785A20795}.Debug|Any CPU.Build.0 = Debug|Any CPU
		{ACB06B12-A031-4312-9478-7E8785A20795}.Release|Any CPU.ActiveCfg = Release|Any CPU
		{ACB06B12-A031-4312-9478-7E8785A20795}.Release|Any CPU.Build.0 = Release|Any CPU
	EndGlobalSection
	GlobalSection(SolutionProperties) = preSolution
		HideSolutionNode = FALSE
	EndGlobalSection
EndGlobal
