
Microsoft Visual Studio Solution File, Format Version 12.00
# Visual Studio 2013
VisualStudioVersion = 12.0.21005.1
MinimumVisualStudioVersion = 10.0.40219.1
Project("{FAE04EC0-301F-11D3-BF4B-00C04F79EFBC}") = "01SimpleEnumerate", "SimpleEnumerate\01SimpleEnumerate.csproj", "{3261E200-58DF-415F-9319-BA35714C37BE}"
EndProject
Project("{FAE04EC0-301F-11D3-BF4B-00C04F79EFBC}") = "02YieldReturn", "02YieldReturn\02YieldReturn.csproj", "{F0808F5B-C54C-4224-92E0-729B3EDFFB43}"
EndProject
Project("{FAE04EC0-301F-11D3-BF4B-00C04F79EFBC}") = "03WorkFlow", "03WorkFlow\03WorkFlow.csproj", "{B009DC45-AF15-47AC-A633-27A218EB37D5}"
EndProject
Project("{FAE04EC0-301F-11D3-BF4B-00C04F79EFBC}") = "04YieldBreak", "04YieldBreak\04YieldBreak.csproj", "{5BAAE276-F7D2-400D-998D-47E48D445529}"
EndProject
Project("{FAE04EC0-301F-11D3-BF4B-00C04F79EFBC}") = "05Finally", "05Finally\05Finally.csproj", "{40CF1FA9-2729-4C11-9B7E-D4DCF7CB2238}"
EndProject
Project("{FAE04EC0-301F-11D3-BF4B-00C04F79EFBC}") = "06IterationDateTime", "06IterationDateTime\06IterationDateTime.csproj", "{9DAE97CC-6AB8-4262-BB21-ECC3C3032756}"
EndProject
Project("{FAE04EC0-301F-11D3-BF4B-00C04F79EFBC}") = "07IterationDateTime", "07IterationDateTime\07IterationDateTime.csproj", "{656FDFBF-554A-46C6-87CB-952DCB4A2C2B}"
EndProject
Global
	GlobalSection(SolutionConfigurationPlatforms) = preSolution
		Debug|Any CPU = Debug|Any CPU
		Release|Any CPU = Release|Any CPU
	EndGlobalSection
	GlobalSection(ProjectConfigurationPlatforms) = postSolution
		{3261E200-58DF-415F-9319-BA35714C37BE}.Debug|Any CPU.ActiveCfg = Debug|Any CPU
		{3261E200-58DF-415F-9319-BA35714C37BE}.Debug|Any CPU.Build.0 = Debug|Any CPU
		{3261E200-58DF-415F-9319-BA35714C37BE}.Release|Any CPU.ActiveCfg = Release|Any CPU
		{3261E200-58DF-415F-9319-BA35714C37BE}.Release|Any CPU.Build.0 = Release|Any CPU
		{F0808F5B-C54C-4224-92E0-729B3EDFFB43}.Debug|Any CPU.ActiveCfg = Debug|Any CPU
		{F0808F5B-C54C-4224-92E0-729B3EDFFB43}.Debug|Any CPU.Build.0 = Debug|Any CPU
		{F0808F5B-C54C-4224-92E0-729B3EDFFB43}.Release|Any CPU.ActiveCfg = Release|Any CPU
		{F0808F5B-C54C-4224-92E0-729B3EDFFB43}.Release|Any CPU.Build.0 = Release|Any CPU
		{B009DC45-AF15-47AC-A633-27A218EB37D5}.Debug|Any CPU.ActiveCfg = Debug|Any CPU
		{B009DC45-AF15-47AC-A633-27A218EB37D5}.Debug|Any CPU.Build.0 = Debug|Any CPU
		{B009DC45-AF15-47AC-A633-27A218EB37D5}.Release|Any CPU.ActiveCfg = Release|Any CPU
		{B009DC45-AF15-47AC-A633-27A218EB37D5}.Release|Any CPU.Build.0 = Release|Any CPU
		{5BAAE276-F7D2-400D-998D-47E48D445529}.Debug|Any CPU.ActiveCfg = Debug|Any CPU
		{5BAAE276-F7D2-400D-998D-47E48D445529}.Debug|Any CPU.Build.0 = Debug|Any CPU
		{5BAAE276-F7D2-400D-998D-47E48D445529}.Release|Any CPU.ActiveCfg = Release|Any CPU
		{5BAAE276-F7D2-400D-998D-47E48D445529}.Release|Any CPU.Build.0 = Release|Any CPU
		{40CF1FA9-2729-4C11-9B7E-D4DCF7CB2238}.Debug|Any CPU.ActiveCfg = Debug|Any CPU
		{40CF1FA9-2729-4C11-9B7E-D4DCF7CB2238}.Debug|Any CPU.Build.0 = Debug|Any CPU
		{40CF1FA9-2729-4C11-9B7E-D4DCF7CB2238}.Release|Any CPU.ActiveCfg = Release|Any CPU
		{40CF1FA9-2729-4C11-9B7E-D4DCF7CB2238}.Release|Any CPU.Build.0 = Release|Any CPU
		{9DAE97CC-6AB8-4262-BB21-ECC3C3032756}.Debug|Any CPU.ActiveCfg = Debug|Any CPU
		{9DAE97CC-6AB8-4262-BB21-ECC3C3032756}.Debug|Any CPU.Build.0 = Debug|Any CPU
		{9DAE97CC-6AB8-4262-BB21-ECC3C3032756}.Release|Any CPU.ActiveCfg = Release|Any CPU
		{9DAE97CC-6AB8-4262-BB21-ECC3C3032756}.Release|Any CPU.Build.0 = Release|Any CPU
		{656FDFBF-554A-46C6-87CB-952DCB4A2C2B}.Debug|Any CPU.ActiveCfg = Debug|Any CPU
		{656FDFBF-554A-46C6-87CB-952DCB4A2C2B}.Debug|Any CPU.Build.0 = Debug|Any CPU
		{656FDFBF-554A-46C6-87CB-952DCB4A2C2B}.Release|Any CPU.ActiveCfg = Release|Any CPU
		{656FDFBF-554A-46C6-87CB-952DCB4A2C2B}.Release|Any CPU.Build.0 = Release|Any CPU
	EndGlobalSection
	GlobalSection(SolutionProperties) = preSolution
		HideSolutionNode = FALSE
	EndGlobalSection
EndGlobal
