
Microsoft Visual Studio Solution File, Format Version 12.00
# Visual Studio 14
VisualStudioVersion = 14.0.25420.1
MinimumVisualStudioVersion = 10.0.40219.1
Project("{FAE04EC0-301F-11D3-BF4B-00C04F79EFBC}") = "WebCoding", "WebCoding\WebCoding.csproj", "{8DAA6631-0727-4C3D-8945-B2302671B730}"
EndProject
Project("{FAE04EC0-301F-11D3-BF4B-00C04F79EFBC}") = "01ProcessAndThread", "01ProcessAndThread\01ProcessAndThread.csproj", "{2E3F7088-9B71-48BF-BDF8-92D3000368F4}"
EndProject
Global
	GlobalSection(SolutionConfigurationPlatforms) = preSolution
		Debug|Any CPU = Debug|Any CPU
		Release|Any CPU = Release|Any CPU
	EndGlobalSection
	GlobalSection(ProjectConfigurationPlatforms) = postSolution
		{8DAA6631-0727-4C3D-8945-B2302671B730}.Debug|Any CPU.ActiveCfg = Debug|Any CPU
		{8DAA6631-0727-4C3D-8945-B2302671B730}.Debug|Any CPU.Build.0 = Debug|Any CPU
		{8DAA6631-0727-4C3D-8945-B2302671B730}.Release|Any CPU.ActiveCfg = Release|Any CPU
		{8DAA6631-0727-4C3D-8945-B2302671B730}.Release|Any CPU.Build.0 = Release|Any CPU
		{2E3F7088-9B71-48BF-BDF8-92D3000368F4}.Debug|Any CPU.ActiveCfg = Debug|Any CPU
		{2E3F7088-9B71-48BF-BDF8-92D3000368F4}.Debug|Any CPU.Build.0 = Debug|Any CPU
		{2E3F7088-9B71-48BF-BDF8-92D3000368F4}.Release|Any CPU.ActiveCfg = Release|Any CPU
		{2E3F7088-9B71-48BF-BDF8-92D3000368F4}.Release|Any CPU.Build.0 = Release|Any CPU
	EndGlobalSection
	GlobalSection(SolutionProperties) = preSolution
		HideSolutionNode = FALSE
	EndGlobalSection
EndGlobal
